PODS:
  - Flutter (1.0.0)
  - integration_test (0.0.1):
    - Flutter
  - llama_mobile_flutter_sdk (2.0.0):
    - Flutter

DEPENDENCIES:
  - Flutter (from `Flutter`)
  - integration_test (from `.symlinks/plugins/integration_test/ios`)
  - llama_mobile_flutter_sdk (from `.symlinks/plugins/llama_mobile_flutter_sdk/ios`)

EXTERNAL SOURCES:
  Flutter:
    :path: Flutter
  integration_test:
    :path: ".symlinks/plugins/integration_test/ios"
  llama_mobile_flutter_sdk:
    :path: ".symlinks/plugins/llama_mobile_flutter_sdk/ios"

SPEC CHECKSUMS:
  Flutter: 71a624a5bc0c04062bf19101d501e466baf2fb47
  integration_test: 252f60fa39af5e17c3aa9899d35d908a0721b573
  llama_mobile_flutter_sdk: 8a316d488a2c9a8e2b28a557ec9984a1920e982f

PODFILE CHECKSUM: 3ba3a73b1b12adcf321a227a745625fe0888cc82

COCOAPODS: 1.16.2
