// !$*UTF8*$!
{
	archiveVersion = 1;
	classes = {
	};
	objectVersion = 54;
	objects = {

/* Begin PBXBuildFile section */
		0BD78E5CFD9123DE66A15D67 /* LaunchScreen.storyboard in Resources */ = {isa = PBXBuildFile; fileRef = 761B71B24B23A982D4B4B037 /* LaunchScreen.storyboard */; };
		296ED5B92EFD9C910018C8DE /* llama_mobile.xcframework in Resources */ = {isa = PBXBuildFile; fileRef = B6EDF79DEF22F437D56B84D0 /* llama_mobile.xcframework */; };
		296ED5BB2EFD9CEB0018C8DE /* models in Resources */ = {isa = PBXBuildFile; fileRef = 296ED5BA2EFD9CEA0018C8DE /* models */; };
		3FE7FF25388F2A6776D1411E /* AppDelegate.m in Sources */ = {isa = PBXBuildFile; fileRef = 9BEE2DB3DE736890D69D091D /* AppDelegate.m */; };
		59132B640BF3238717E8A2AD /* UIKit.framework in Frameworks */ = {isa = PBXBuildFile; fileRef = 827F70B560C24B674F6BC5A5 /* UIKit.framework */; };
		64322FBF4F973C705146E33F /* llama_mobile.xcframework in Frameworks */ = {isa = PBXBuildFile; fileRef = B6EDF79DEF22F437D56B84D0 /* llama_mobile.xcframework */; };
		8B8A1EF5AFBD8F0A93979996 /* Main.storyboard in Resources */ = {isa = PBXBuildFile; fileRef = 09B72E1540C64C01C8781B22 /* Main.storyboard */; };
		9DF5F786DA78550F3B2CAA5C /* ViewController.m in Sources */ = {isa = PBXBuildFile; fileRef = 19FEED00950C26565A6CCF6E /* ViewController.m */; };
		B8C9D0E1F2A3B4C5D6E7F8A9 /* main.m in Sources */ = {isa = PBXBuildFile; fileRef = A1B2C3D4E5F6789012345678 /* main.m */; };
		D03FF5BDCC7307A690C8CE48 /* Assets.xcassets in Resources */ = {isa = PBXBuildFile; fileRef = 251E18C65938467E82553347 /* Assets.xcassets */; };
		D852AEEB6761AED2AA9421EE /* Foundation.framework in Frameworks */ = {isa = PBXBuildFile; fileRef = F1447D8772A5B43849110487 /* Foundation.framework */; };
		E7F6A8BC12D4E5F6789A0B1C /* llama_mobile.xcframework in Embed Frameworks */ = {isa = PBXBuildFile; fileRef = B6EDF79DEF22F437D56B84D0 /* llama_mobile.xcframework */; settings = {ATTRIBUTES = (CodeSignOnCopy, RemoveHeadersOnCopy, ); }; };
/* End PBXBuildFile section */

/* Begin PBXCopyFilesBuildPhase section */
		E7F6A8BD12D4E5F6789A0B1D /* Embed Frameworks */ = {
			isa = PBXCopyFilesBuildPhase;
			buildActionMask = 8;
			dstSubfolderSpec = 10;
			files = (
				E7F6A8BC12D4E5F6789A0B1C /* llama_mobile.xcframework in Embed Frameworks */,
			);
			name = "Embed Frameworks";
			runOnlyForDeploymentPostprocessing = 1;
		};
/* End PBXCopyFilesBuildPhase section */

/* Begin PBXFileReference section */
		09B72E1540C64C01C8781B22 /* Main.storyboard */ = {isa = PBXFileReference; includeInIndex = 1; lastKnownFileType = file.storyboard; name = Main.storyboard; path = iOSFrameworkExample/Base.lproj/Main.storyboard; sourceTree = "<group>"; };
		19FEED00950C26565A6CCF6E /* ViewController.m */ = {isa = PBXFileReference; includeInIndex = 1; lastKnownFileType = sourcecode.c.objc; name = ViewController.m; path = iOSFrameworkExample/ViewController.m; sourceTree = "<group>"; };
		251E18C65938467E82553347 /* Assets.xcassets */ = {isa = PBXFileReference; includeInIndex = 1; lastKnownFileType = folder.assetcatalog; name = Assets.xcassets; path = iOSFrameworkExample/Assets.xcassets; sourceTree = "<group>"; };
		296ED5BA2EFD9CEA0018C8DE /* models */ = {isa = PBXFileReference; lastKnownFileType = folder; path = models; sourceTree = "<group>"; };
		761B71B24B23A982D4B4B037 /* LaunchScreen.storyboard */ = {isa = PBXFileReference; includeInIndex = 1; lastKnownFileType = file.storyboard; name = LaunchScreen.storyboard; path = iOSFrameworkExample/Base.lproj/LaunchScreen.storyboard; sourceTree = "<group>"; };
		76DFE60DB6804322D45BE847 /* AppDelegate.h */ = {isa = PBXFileReference; includeInIndex = 1; lastKnownFileType = sourcecode.c.h; name = AppDelegate.h; path = iOSFrameworkExample/AppDelegate.h; sourceTree = "<group>"; };
		827F70B560C24B674F6BC5A5 /* UIKit.framework */ = {isa = PBXFileReference; lastKnownFileType = wrapper.framework; name = UIKit.framework; path = Platforms/iPhoneOS.platform/Developer/SDKs/iPhoneOS18.0.sdk/System/Library/Frameworks/UIKit.framework; sourceTree = DEVELOPER_DIR; };
		9BEE2DB3DE736890D69D091D /* AppDelegate.m */ = {isa = PBXFileReference; includeInIndex = 1; lastKnownFileType = sourcecode.c.objc; name = AppDelegate.m; path = iOSFrameworkExample/AppDelegate.m; sourceTree = "<group>"; };
		A1B2C3D4E5F6789012345678 /* main.m */ = {isa = PBXFileReference; includeInIndex = 1; lastKnownFileType = sourcecode.c.objc; name = main.m; path = iOSFrameworkExample/main.m; sourceTree = "<group>"; };
		AB6931E2FABB52778869D71E /* Info.plist */ = {isa = PBXFileReference; includeInIndex = 1; lastKnownFileType = text.plist.xml; name = Info.plist; path = iOSFrameworkExample/Info.plist; sourceTree = "<group>"; };
		B6EDF79DEF22F437D56B84D0 /* llama_mobile.xcframework */ = {isa = PBXFileReference; includeInIndex = 1; lastKnownFileType = wrapper.xcframework; name = llama_mobile.xcframework; path = "../../llama_mobile-ios/llama_mobile.xcframework"; sourceTree = "<group>"; };
		D9A6DC0D4E539324CE65E24F /* ViewController.h */ = {isa = PBXFileReference; includeInIndex = 1; lastKnownFileType = sourcecode.c.h; name = ViewController.h; path = iOSFrameworkExample/ViewController.h; sourceTree = "<group>"; };
		F1447D8772A5B43849110487 /* Foundation.framework */ = {isa = PBXFileReference; lastKnownFileType = wrapper.framework; name = Foundation.framework; path = Platforms/iPhoneOS.platform/Developer/SDKs/iPhoneOS18.0.sdk/System/Library/Frameworks/Foundation.framework; sourceTree = DEVELOPER_DIR; };
		F50AC0E3F206E28891EC3682 /* iOSFrameworkExample.app */ = {isa = PBXFileReference; explicitFileType = wrapper.application; includeInIndex = 0; path = iOSFrameworkExample.app; sourceTree = BUILT_PRODUCTS_DIR; };
/* End PBXFileReference section */

/* Begin PBXFrameworksBuildPhase section */
		89B79D567E964FCA715295EE /* Frameworks */ = {
			isa = PBXFrameworksBuildPhase;
			buildActionMask = 2147483647;
			files = (
				D852AEEB6761AED2AA9421EE /* Foundation.framework in Frameworks */,
				64322FBF4F973C705146E33F /* llama_mobile.xcframework in Frameworks */,
				59132B640BF3238717E8A2AD /* UIKit.framework in Frameworks */,
			);
			runOnlyForDeploymentPostprocessing = 0;
		};
/* End PBXFrameworksBuildPhase section */

/* Begin PBXGroup section */
		5B8F158A045BE714B738DE95 /* Frameworks */ = {
			isa = PBXGroup;
			children = (
				B6EDF79DEF22F437D56B84D0 /* llama_mobile.xcframework */,
			);
			name = Frameworks;
			sourceTree = "<group>";
		};
		6A017814E99ADA8844F8C7D6 /* iOSFrameworkExample */ = {
			isa = PBXGroup;
			children = (
				76DFE60DB6804322D45BE847 /* AppDelegate.h */,
				9BEE2DB3DE736890D69D091D /* AppDelegate.m */,
				D9A6DC0D4E539324CE65E24F /* ViewController.h */,
				19FEED00950C26565A6CCF6E /* ViewController.m */,
				A1B2C3D4E5F6789012345678 /* main.m */,
				AB6931E2FABB52778869D71E /* Info.plist */,
				251E18C65938467E82553347 /* Assets.xcassets */,
				09B72E1540C64C01C8781B22 /* Main.storyboard */,
				761B71B24B23A982D4B4B037 /* LaunchScreen.storyboard */,
			);
			name = iOSFrameworkExample;
			sourceTree = "<group>";
		};
		75AAB1D9EA6F9B21735E2F01 = {
			isa = PBXGroup;
			children = (
				296ED5BA2EFD9CEA0018C8DE /* models */,
				8D5E156AFB0673C1515CE3B9 /* Products */,
				8DC89BEABECFB50F2980B47A /* Frameworks */,
				6A017814E99ADA8844F8C7D6 /* iOSFrameworkExample */,
				5B8F158A045BE714B738DE95 /* Frameworks */,
			);
			sourceTree = "<group>";
		};
		8D5E156AFB0673C1515CE3B9 /* Products */ = {
			isa = PBXGroup;
			children = (
				F50AC0E3F206E28891EC3682 /* iOSFrameworkExample.app */,
			);
			name = Products;
			sourceTree = "<group>";
		};
		8DC89BEABECFB50F2980B47A /* Frameworks */ = {
			isa = PBXGroup;
			children = (
				A5C0EC0D24541872305097E5 /* iOS */,
			);
			name = Frameworks;
			sourceTree = "<group>";
		};
		A5C0EC0D24541872305097E5 /* iOS */ = {
			isa = PBXGroup;
			children = (
				F1447D8772A5B43849110487 /* Foundation.framework */,
				827F70B560C24B674F6BC5A5 /* UIKit.framework */,
			);
			name = iOS;
			sourceTree = "<group>";
		};
/* End PBXGroup section */

/* Begin PBXNativeTarget section */
		55EB4B09412E760C88E26F5A /* iOSFrameworkExample */ = {
			isa = PBXNativeTarget;
			buildConfigurationList = 06D14A00A3EA7753DE6A9187 /* Build configuration list for PBXNativeTarget "iOSFrameworkExample" */;
			buildPhases = (
				5B84A6D43CF5B92D4A186D82 /* Sources */,
				89B79D567E964FCA715295EE /* Frameworks */,
				E7F6A8BD12D4E5F6789A0B1D /* Embed Frameworks */,
				EEA7156EE70D9B56412F81B0 /* Resources */,
			);
			buildRules = (
			);
			dependencies = (
			);
			name = iOSFrameworkExample;
			productName = iOSFrameworkExample;
			productReference = F50AC0E3F206E28891EC3682 /* iOSFrameworkExample.app */;
			productType = "com.apple.product-type.application";
		};
/* End PBXNativeTarget section */

/* Begin PBXProject section */
		0C9A046286484F4E22AF7C39 /* Project object */ = {
			isa = PBXProject;
			attributes = {
				LastSwiftUpdateCheck = 1600;
				LastUpgradeCheck = 1600;
			};
			buildConfigurationList = 8C17D20564926B5A682E2D06 /* Build configuration list for PBXProject "iOSFrameworkExample" */;
			compatibilityVersion = "Xcode 3.2";
			developmentRegion = en;
			hasScannedForEncodings = 0;
			knownRegions = (
				en,
				Base,
			);
			mainGroup = 75AAB1D9EA6F9B21735E2F01;
			productRefGroup = 8D5E156AFB0673C1515CE3B9 /* Products */;
			projectDirPath = "";
			projectRoot = "";
			targets = (
				55EB4B09412E760C88E26F5A /* iOSFrameworkExample */,
			);
		};
/* End PBXProject section */

/* Begin PBXResourcesBuildPhase section */
		EEA7156EE70D9B56412F81B0 /* Resources */ = {
			isa = PBXResourcesBuildPhase;
			buildActionMask = 2147483647;
			files = (
				296ED5BB2EFD9CEB0018C8DE /* models in Resources */,
				296ED5B92EFD9C910018C8DE /* llama_mobile.xcframework in Resources */,
				D03FF5BDCC7307A690C8CE48 /* Assets.xcassets in Resources */,
				8B8A1EF5AFBD8F0A93979996 /* Main.storyboard in Resources */,
				0BD78E5CFD9123DE66A15D67 /* LaunchScreen.storyboard in Resources */,
			);
			runOnlyForDeploymentPostprocessing = 0;
		};
/* End PBXResourcesBuildPhase section */

/* Begin PBXSourcesBuildPhase section */
		5B84A6D43CF5B92D4A186D82 /* Sources */ = {
			isa = PBXSourcesBuildPhase;
			buildActionMask = 2147483647;
			files = (
				3FE7FF25388F2A6776D1411E /* AppDelegate.m in Sources */,
				9DF5F786DA78550F3B2CAA5C /* ViewController.m in Sources */,
				B8C9D0E1F2A3B4C5D6E7F8A9 /* main.m in Sources */,
			);
			runOnlyForDeploymentPostprocessing = 0;
		};
/* End PBXSourcesBuildPhase section */

/* Begin XCBuildConfiguration section */
		0787618827A9C0BFAAD0CC52 /* Debug */ = {
			isa = XCBuildConfiguration;
			buildSettings = {
				ASSETCATALOG_COMPILER_APPICON_NAME = AppIcon;
				ASSETCATALOG_COMPILER_GLOBAL_ACCENT_COLOR_NAME = AccentColor;
				CLANG_ENABLE_OBJC_WEAK = NO;
				DEVELOPMENT_TEAM = VW379TB6DM;
				FRAMEWORK_SEARCH_PATHS = "/Users/shileipeng/Documents/mygithub/llama_mobile/llama_mobile-ios";
				INFOPLIST_FILE = iOSFrameworkExample/Info.plist;
				IPHONEOS_DEPLOYMENT_TARGET = 13.0;
				LD_RUNPATH_SEARCH_PATHS = (
					"$(inherited)",
					"@executable_path/Frameworks",
				);
				OTHER_LDFLAGS = "-ObjC";
				PRODUCT_BUNDLE_IDENTIFIER = com.llamamobile.app;
				SDKROOT = iphoneos;
				TARGETED_DEVICE_FAMILY = "1,2";
			};
			name = Debug;
		};
		15F5A6779B754C365612EFB6 /* Debug */ = {
			isa = XCBuildConfiguration;
			buildSettings = {
				ALWAYS_SEARCH_USER_PATHS = NO;
				CLANG_ANALYZER_NONNULL = YES;
				CLANG_ANALYZER_NUMBER_OBJECT_CONVERSION = YES_AGGRESSIVE;
				CLANG_CXX_LANGUAGE_STANDARD = "gnu++14";
				CLANG_CXX_LIBRARY = "libc++";
				CLANG_ENABLE_MODULES = YES;
				CLANG_ENABLE_OBJC_ARC = YES;
				CLANG_ENABLE_OBJC_WEAK = YES;
				CLANG_WARN_BLOCK_CAPTURE_AUTORELEASING = YES;
				CLANG_WARN_BOOL_CONVERSION = YES;
				CLANG_WARN_COMMA = YES;
				CLANG_WARN_CONSTANT_CONVERSION = YES;
				CLANG_WARN_DEPRECATED_OBJC_IMPLEMENTATIONS = YES;
				CLANG_WARN_DIRECT_OBJC_ISA_USAGE = YES_ERROR;
				CLANG_WARN_DOCUMENTATION_COMMENTS = YES;
				CLANG_WARN_EMPTY_BODY = YES;
				CLANG_WARN_ENUM_CONVERSION = YES;
				CLANG_WARN_INFINITE_RECURSION = YES;
				CLANG_WARN_INT_CONVERSION = YES;
				CLANG_WARN_NON_LITERAL_NULL_CONVERSION = YES;
				CLANG_WARN_OBJC_IMPLICIT_RETAIN_SELF = YES;
				CLANG_WARN_OBJC_LITERAL_CONVERSION = YES;
				CLANG_WARN_OBJC_ROOT_CLASS = YES_ERROR;
				CLANG_WARN_QUOTED_INCLUDE_IN_FRAMEWORK_HEADER = YES;
				CLANG_WARN_RANGE_LOOP_ANALYSIS = YES;
				CLANG_WARN_STRICT_PROTOTYPES = YES;
				CLANG_WARN_SUSPICIOUS_MOVE = YES;
				CLANG_WARN_UNGUARDED_AVAILABILITY = YES_AGGRESSIVE;
				CLANG_WARN_UNREACHABLE_CODE = YES;
				CLANG_WARN__DUPLICATE_METHOD_MATCH = YES;
				COPY_PHASE_STRIP = NO;
				DEBUG_INFORMATION_FORMAT = dwarf;
				ENABLE_STRICT_OBJC_MSGSEND = YES;
				ENABLE_TESTABILITY = YES;
				GCC_C_LANGUAGE_STANDARD = gnu11;
				GCC_DYNAMIC_NO_PIC = NO;
				GCC_NO_COMMON_BLOCKS = YES;
				GCC_OPTIMIZATION_LEVEL = 0;
				GCC_PREPROCESSOR_DEFINITIONS = (
					"DEBUG=1",
					"$(inherited)",
				);
				GCC_WARN_64_TO_32_BIT_CONVERSION = YES;
				GCC_WARN_ABOUT_RETURN_TYPE = YES_ERROR;
				GCC_WARN_UNDECLARED_SELECTOR = YES;
				GCC_WARN_UNINITIALIZED_AUTOS = YES_AGGRESSIVE;
				GCC_WARN_UNUSED_FUNCTION = YES;
				GCC_WARN_UNUSED_VARIABLE = YES;
				MTL_ENABLE_DEBUG_INFO = INCLUDE_SOURCE;
				MTL_FAST_MATH = YES;
				ONLY_ACTIVE_ARCH = YES;
				PRODUCT_NAME = "$(TARGET_NAME)";
				SWIFT_ACTIVE_COMPILATION_CONDITIONS = DEBUG;
				SWIFT_OPTIMIZATION_LEVEL = "-Onone";
				SWIFT_VERSION = 5.0;
			};
			name = Debug;
		};
		2B9814A41882C5BF5AEDD179 /* Release */ = {
			isa = XCBuildConfiguration;
			buildSettings = {
				ALWAYS_SEARCH_USER_PATHS = NO;
				CLANG_ANALYZER_NONNULL = YES;
				CLANG_ANALYZER_NUMBER_OBJECT_CONVERSION = YES_AGGRESSIVE;
				CLANG_CXX_LANGUAGE_STANDARD = "gnu++14";
				CLANG_CXX_LIBRARY = "libc++";
				CLANG_ENABLE_MODULES = YES;
				CLANG_ENABLE_OBJC_ARC = YES;
				CLANG_ENABLE_OBJC_WEAK = YES;
				CLANG_WARN_BLOCK_CAPTURE_AUTORELEASING = YES;
				CLANG_WARN_BOOL_CONVERSION = YES;
				CLANG_WARN_COMMA = YES;
				CLANG_WARN_CONSTANT_CONVERSION = YES;
				CLANG_WARN_DEPRECATED_OBJC_IMPLEMENTATIONS = YES;
				CLANG_WARN_DIRECT_OBJC_ISA_USAGE = YES_ERROR;
				CLANG_WARN_DOCUMENTATION_COMMENTS = YES;
				CLANG_WARN_EMPTY_BODY = YES;
				CLANG_WARN_ENUM_CONVERSION = YES;
				CLANG_WARN_INFINITE_RECURSION = YES;
				CLANG_WARN_INT_CONVERSION = YES;
				CLANG_WARN_NON_LITERAL_NULL_CONVERSION = YES;
				CLANG_WARN_OBJC_IMPLICIT_RETAIN_SELF = YES;
				CLANG_WARN_OBJC_LITERAL_CONVERSION = YES;
				CLANG_WARN_OBJC_ROOT_CLASS = YES_ERROR;
				CLANG_WARN_QUOTED_INCLUDE_IN_FRAMEWORK_HEADER = YES;
				CLANG_WARN_RANGE_LOOP_ANALYSIS = YES;
				CLANG_WARN_STRICT_PROTOTYPES = YES;
				CLANG_WARN_SUSPICIOUS_MOVE = YES;
				CLANG_WARN_UNGUARDED_AVAILABILITY = YES_AGGRESSIVE;
				CLANG_WARN_UNREACHABLE_CODE = YES;
				CLANG_WARN__DUPLICATE_METHOD_MATCH = YES;
				COPY_PHASE_STRIP = NO;
				DEBUG_INFORMATION_FORMAT = "dwarf-with-dsym";
				ENABLE_NS_ASSERTIONS = NO;
				ENABLE_STRICT_OBJC_MSGSEND = YES;
				GCC_C_LANGUAGE_STANDARD = gnu11;
				GCC_NO_COMMON_BLOCKS = YES;
				GCC_WARN_64_TO_32_BIT_CONVERSION = YES;
				GCC_WARN_ABOUT_RETURN_TYPE = YES_ERROR;
				GCC_WARN_UNDECLARED_SELECTOR = YES;
				GCC_WARN_UNINITIALIZED_AUTOS = YES_AGGRESSIVE;
				GCC_WARN_UNUSED_FUNCTION = YES;
				GCC_WARN_UNUSED_VARIABLE = YES;
				MTL_ENABLE_DEBUG_INFO = NO;
				MTL_FAST_MATH = YES;
				PRODUCT_NAME = "$(TARGET_NAME)";
				SWIFT_COMPILATION_MODE = wholemodule;
				SWIFT_OPTIMIZATION_LEVEL = "-O";
				SWIFT_VERSION = 5.0;
			};
			name = Release;
		};
		78C06E4C097BB7E93D69FA21 /* Release */ = {
			isa = XCBuildConfiguration;
			buildSettings = {
				ASSETCATALOG_COMPILER_APPICON_NAME = AppIcon;
				ASSETCATALOG_COMPILER_GLOBAL_ACCENT_COLOR_NAME = AccentColor;
				CLANG_ENABLE_OBJC_WEAK = NO;
				DEVELOPMENT_TEAM = VW379TB6DM;
				FRAMEWORK_SEARCH_PATHS = "/Users/shileipeng/Documents/mygithub/llama_mobile/llama_mobile-ios";
				INFOPLIST_FILE = iOSFrameworkExample/Info.plist;
				IPHONEOS_DEPLOYMENT_TARGET = 13.0;
				LD_RUNPATH_SEARCH_PATHS = (
					"$(inherited)",
					"@executable_path/Frameworks",
				);
				OTHER_LDFLAGS = "-ObjC";
				PRODUCT_BUNDLE_IDENTIFIER = com.llamamobile.app;
				SDKROOT = iphoneos;
				TARGETED_DEVICE_FAMILY = "1,2";
				VALIDATE_PRODUCT = YES;
			};
			name = Release;
		};
/* End XCBuildConfiguration section */

/* Begin XCConfigurationList section */
		06D14A00A3EA7753DE6A9187 /* Build configuration list for PBXNativeTarget "iOSFrameworkExample" */ = {
			isa = XCConfigurationList;
			buildConfigurations = (
				78C06E4C097BB7E93D69FA21 /* Release */,
				0787618827A9C0BFAAD0CC52 /* Debug */,
			);
			defaultConfigurationIsVisible = 0;
			defaultConfigurationName = Release;
		};
		8C17D20564926B5A682E2D06 /* Build configuration list for PBXProject "iOSFrameworkExample" */ = {
			isa = XCConfigurationList;
			buildConfigurations = (
				15F5A6779B754C365612EFB6 /* Debug */,
				2B9814A41882C5BF5AEDD179 /* Release */,
			);
			defaultConfigurationIsVisible = 0;
			defaultConfigurationName = Release;
		};
/* End XCConfigurationList section */
	};
	rootObject = 0C9A046286484F4E22AF7C39 /* Project object */;
}
