// !$*UTF8*$!
{
	archiveVersion = 1;
	classes = {
	};
	objectVersion = 63;
	objects = {

/* Begin PBXBuildFile section */
		68B3AEB30CE73F2618731178 /* llama_mobile.xcframework in Embed Frameworks */ = {isa = PBXBuildFile; fileRef = 88E222356EA131755C01138E /* llama_mobile.xcframework */; settings = {ATTRIBUTES = (CodeSignOnCopy, RemoveHeadersOnCopy, ); }; };
		8258B77AAF9C5363967C2EEF /* llama_mobile.xcframework in Frameworks */ = {isa = PBXBuildFile; fileRef = 88E222356EA131755C01138E /* llama_mobile.xcframework */; };
		8A5528620FAD62272A57B70E /* ContentView.swift in Sources */ = {isa = PBXBuildFile; fileRef = 75B5C1506D61EF6D23F9932D /* ContentView.swift */; };
		DC6FF55E2A2DF4A7FCCBD3B3 /* LlamaMobileSwiftUIExample.swift in Sources */ = {isa = PBXBuildFile; fileRef = 2352320AC6ADD57F8E3BA5BA /* LlamaMobileSwiftUIExample.swift */; };
/* End PBXBuildFile section */

/* Begin PBXCopyFilesBuildPhase section */
		A7A9D87A2931A1978AAD82B5 /* Embed Frameworks */ = {
			isa = PBXCopyFilesBuildPhase;
			buildActionMask = 2147483647;
			dstPath = "";
			dstSubfolderSpec = 10;
			files = (
				68B3AEB30CE73F2618731178 /* llama_mobile.xcframework in Embed Frameworks */,
			);
			name = "Embed Frameworks";
			runOnlyForDeploymentPostprocessing = 0;
		};
/* End PBXCopyFilesBuildPhase section */

/* Begin PBXFileReference section */
		2352320AC6ADD57F8E3BA5BA /* LlamaMobileSwiftUIExample.swift */ = {isa = PBXFileReference; lastKnownFileType = sourcecode.swift; path = LlamaMobileSwiftUIExample.swift; sourceTree = "<group>"; };
		6B4828836E7423FDA6A5F2AA /* LlamaMobileSwiftUIExample.app */ = {isa = PBXFileReference; explicitFileType = wrapper.application; includeInIndex = 0; path = LlamaMobileSwiftUIExample.app; sourceTree = BUILT_PRODUCTS_DIR; };
		75B5C1506D61EF6D23F9932D /* ContentView.swift */ = {isa = PBXFileReference; lastKnownFileType = sourcecode.swift; path = ContentView.swift; sourceTree = "<group>"; };
		88E222356EA131755C01138E /* llama_mobile.xcframework */ = {isa = PBXFileReference; lastKnownFileType = wrapper.xcframework; name = llama_mobile.xcframework; path = "../../llama_mobile-ios-SDK/Frameworks/llama_mobile.xcframework"; sourceTree = "<group>"; };
/* End PBXFileReference section */

/* Begin PBXFrameworksBuildPhase section */
		B28F8524260A70657E731084 /* Frameworks */ = {
			isa = PBXFrameworksBuildPhase;
			buildActionMask = 2147483647;
			files = (
				8258B77AAF9C5363967C2EEF /* llama_mobile.xcframework in Frameworks */,
			);
			runOnlyForDeploymentPostprocessing = 0;
		};
/* End PBXFrameworksBuildPhase section */

/* Begin PBXGroup section */
		1748B1DCD2E1A4769280C3E6 /* Products */ = {
			isa = PBXGroup;
			children = (
				6B4828836E7423FDA6A5F2AA /* LlamaMobileSwiftUIExample.app */,
			);
			name = Products;
			sourceTree = "<group>";
		};
		9DFBE89926E696ABA23BBBD8 /* Sources */ = {
			isa = PBXGroup;
			children = (
				BDB61E9FB606BF148BC656BC /* LlamaMobileSwiftUIExample */,
			);
			path = Sources;
			sourceTree = "<group>";
		};
		BDB61E9FB606BF148BC656BC /* LlamaMobileSwiftUIExample */ = {
			isa = PBXGroup;
			children = (
				75B5C1506D61EF6D23F9932D /* ContentView.swift */,
				2352320AC6ADD57F8E3BA5BA /* LlamaMobileSwiftUIExample.swift */,
			);
			path = LlamaMobileSwiftUIExample;
			sourceTree = "<group>";
		};
		D5F15704F55A428CF4CBCEAB /* Frameworks */ = {
			isa = PBXGroup;
			children = (
				88E222356EA131755C01138E /* llama_mobile.xcframework */,
			);
			name = Frameworks;
			sourceTree = "<group>";
		};
		E31782381C6E6069B42F31D1 = {
			isa = PBXGroup;
			children = (
				9DFBE89926E696ABA23BBBD8 /* Sources */,
				D5F15704F55A428CF4CBCEAB /* Frameworks */,
				1748B1DCD2E1A4769280C3E6 /* Products */,
			);
			sourceTree = "<group>";
		};
/* End PBXGroup section */

/* Begin PBXNativeTarget section */
		BFCC05B48037F60F8B174014 /* LlamaMobileSwiftUIExample */ = {
			isa = PBXNativeTarget;
			buildConfigurationList = EA1861B26DE8A2F6DB8D0AFC /* Build configuration list for PBXNativeTarget "LlamaMobileSwiftUIExample" */;
			buildPhases = (
				22E1AB0E67AF6E7215A8C754 /* Sources */,
				B28F8524260A70657E731084 /* Frameworks */,
				A7A9D87A2931A1978AAD82B5 /* Embed Frameworks */,
			);
			buildRules = (
			);
			dependencies = (
			);
			name = LlamaMobileSwiftUIExample;
			packageProductDependencies = (
			);
			productName = LlamaMobileSwiftUIExample;
			productReference = 6B4828836E7423FDA6A5F2AA /* LlamaMobileSwiftUIExample.app */;
			productType = "com.apple.product-type.application";
		};
/* End PBXNativeTarget section */

/* Begin PBXProject section */
		5AC0BB23E76F318233B17FB2 /* Project object */ = {
			isa = PBXProject;
			attributes = {
				BuildIndependentTargetsInParallel = YES;
				LastUpgradeCheck = 1430;
			};
			buildConfigurationList = BE895139D4C8965CA47A975A /* Build configuration list for PBXProject "LlamaMobileSwiftUIExample" */;
			compatibilityVersion = "Xcode 14.0";
			developmentRegion = en;
			hasScannedForEncodings = 0;
			knownRegions = (
				Base,
				en,
			);
			mainGroup = E31782381C6E6069B42F31D1;
			minimizedProjectReferenceProxies = 1;
			projectDirPath = "";
			projectRoot = "";
			targets = (
				BFCC05B48037F60F8B174014 /* LlamaMobileSwiftUIExample */,
			);
		};
/* End PBXProject section */

/* Begin PBXSourcesBuildPhase section */
		22E1AB0E67AF6E7215A8C754 /* Sources */ = {
			isa = PBXSourcesBuildPhase;
			buildActionMask = 2147483647;
			files = (
				8A5528620FAD62272A57B70E /* ContentView.swift in Sources */,
				DC6FF55E2A2DF4A7FCCBD3B3 /* LlamaMobileSwiftUIExample.swift in Sources */,
			);
			runOnlyForDeploymentPostprocessing = 0;
		};
/* End PBXSourcesBuildPhase section */

/* Begin XCBuildConfiguration section */
		02EDC136760E6A1409C29134 /* Debug */ = {
			isa = XCBuildConfiguration;
			buildSettings = {
				ALWAYS_SEARCH_USER_PATHS = NO;
				CLANG_ANALYZER_NONNULL = YES;
				CLANG_ANALYZER_NUMBER_OBJECT_CONVERSION = YES_AGGRESSIVE;
				CLANG_CXX_LANGUAGE_STANDARD = "gnu++14";
				CLANG_CXX_LIBRARY = "libc++";
				CLANG_ENABLE_MODULES = YES;
				CLANG_ENABLE_OBJC_ARC = YES;
				CLANG_ENABLE_OBJC_WEAK = YES;
				CLANG_WARN_BLOCK_CAPTURE_AUTORELEASING = YES;
				CLANG_WARN_BOOL_CONVERSION = YES;
				CLANG_WARN_COMMA = YES;
				CLANG_WARN_CONSTANT_CONVERSION = YES;
				CLANG_WARN_DEPRECATED_OBJC_IMPLEMENTATIONS = YES;
				CLANG_WARN_DIRECT_OBJC_ISA_USAGE = YES_ERROR;
				CLANG_WARN_DOCUMENTATION_COMMENTS = YES;
				CLANG_WARN_EMPTY_BODY = YES;
				CLANG_WARN_ENUM_CONVERSION = YES;
				CLANG_WARN_INFINITE_RECURSION = YES;
				CLANG_WARN_INT_CONVERSION = YES;
				CLANG_WARN_NON_LITERAL_NULL_CONVERSION = YES;
				CLANG_WARN_OBJC_IMPLICIT_RETAIN_SELF = YES;
				CLANG_WARN_OBJC_LITERAL_CONVERSION = YES;
				CLANG_WARN_OBJC_ROOT_CLASS = YES_ERROR;
				CLANG_WARN_QUOTED_INCLUDE_IN_FRAMEWORK_HEADER = YES;
				CLANG_WARN_RANGE_LOOP_ANALYSIS = YES;
				CLANG_WARN_STRICT_PROTOTYPES = YES;
				CLANG_WARN_SUSPICIOUS_MOVE = YES;
				CLANG_WARN_UNGUARDED_AVAILABILITY = YES_AGGRESSIVE;
				CLANG_WARN_UNREACHABLE_CODE = YES;
				CLANG_WARN__DUPLICATE_METHOD_MATCH = YES;
				COPY_PHASE_STRIP = NO;
				DEBUG_INFORMATION_FORMAT = dwarf;
				ENABLE_STRICT_OBJC_MSGSEND = YES;
				ENABLE_TESTABILITY = YES;
				GCC_C_LANGUAGE_STANDARD = gnu11;
				GCC_DYNAMIC_NO_PIC = NO;
				GCC_NO_COMMON_BLOCKS = YES;
				GCC_OPTIMIZATION_LEVEL = 0;
				GCC_PREPROCESSOR_DEFINITIONS = (
					"$(inherited)",
					"DEBUG=1",
				);
				GCC_WARN_64_TO_32_BIT_CONVERSION = YES;
				GCC_WARN_ABOUT_RETURN_TYPE = YES_ERROR;
				GCC_WARN_UNDECLARED_SELECTOR = YES;
				GCC_WARN_UNINITIALIZED_AUTOS = YES_AGGRESSIVE;
				GCC_WARN_UNUSED_FUNCTION = YES;
				GCC_WARN_UNUSED_VARIABLE = YES;
				MTL_ENABLE_DEBUG_INFO = INCLUDE_SOURCE;
				MTL_FAST_MATH = YES;
				ONLY_ACTIVE_ARCH = YES;
				PRODUCT_NAME = "$(TARGET_NAME)";
				SDKROOT = iphoneos;
				SWIFT_ACTIVE_COMPILATION_CONDITIONS = DEBUG;
				SWIFT_OPTIMIZATION_LEVEL = "-Onone";
				SWIFT_VERSION = 5.0;
			};
			name = Debug;
		};
		695EBDB0EABA602D6A20F0AF /* Debug */ = {
			isa = XCBuildConfiguration;
			buildSettings = {
				ALWAYS_EMBED_SWIFT_STANDARD_LIBRARIES = YES;
				ASSETCATALOG_COMPILER_APPICON_NAME = AppIcon;
				CODE_SIGNING_ALLOWED = NO;
				CODE_SIGNING_REQUIRED = NO;
				CODE_SIGN_IDENTITY = "Apple Development";
				DEVELOPMENT_TEAM = VW379TB6DM;
				FRAMEWORK_SEARCH_PATHS = (
					"$(inherited)",
					"\"../../llama_mobile-ios-SDK/Frameworks\"",
				);
				INFOPLIST_FILE = Info.plist;
				IPHONEOS_DEPLOYMENT_TARGET = 16.0;
				LD_RUNPATH_SEARCH_PATHS = (
					"$(inherited)",
					"@executable_path/Frameworks",
				);
				SDKROOT = iphoneos;
				SWIFT_VERSION = 6.2;
				TARGETED_DEVICE_FAMILY = "1,2";
			};
			name = Debug;
		};
		6A60F7DC3DC448A1E54CA05D /* Release */ = {
			isa = XCBuildConfiguration;
			buildSettings = {
				ALWAYS_SEARCH_USER_PATHS = NO;
				CLANG_ANALYZER_NONNULL = YES;
				CLANG_ANALYZER_NUMBER_OBJECT_CONVERSION = YES_AGGRESSIVE;
				CLANG_CXX_LANGUAGE_STANDARD = "gnu++14";
				CLANG_CXX_LIBRARY = "libc++";
				CLANG_ENABLE_MODULES = YES;
				CLANG_ENABLE_OBJC_ARC = YES;
				CLANG_ENABLE_OBJC_WEAK = YES;
				CLANG_WARN_BLOCK_CAPTURE_AUTORELEASING = YES;
				CLANG_WARN_BOOL_CONVERSION = YES;
				CLANG_WARN_COMMA = YES;
				CLANG_WARN_CONSTANT_CONVERSION = YES;
				CLANG_WARN_DEPRECATED_OBJC_IMPLEMENTATIONS = YES;
				CLANG_WARN_DIRECT_OBJC_ISA_USAGE = YES_ERROR;
				CLANG_WARN_DOCUMENTATION_COMMENTS = YES;
				CLANG_WARN_EMPTY_BODY = YES;
				CLANG_WARN_ENUM_CONVERSION = YES;
				CLANG_WARN_INFINITE_RECURSION = YES;
				CLANG_WARN_INT_CONVERSION = YES;
				CLANG_WARN_NON_LITERAL_NULL_CONVERSION = YES;
				CLANG_WARN_OBJC_IMPLICIT_RETAIN_SELF = YES;
				CLANG_WARN_OBJC_LITERAL_CONVERSION = YES;
				CLANG_WARN_OBJC_ROOT_CLASS = YES_ERROR;
				CLANG_WARN_QUOTED_INCLUDE_IN_FRAMEWORK_HEADER = YES;
				CLANG_WARN_RANGE_LOOP_ANALYSIS = YES;
				CLANG_WARN_STRICT_PROTOTYPES = YES;
				CLANG_WARN_SUSPICIOUS_MOVE = YES;
				CLANG_WARN_UNGUARDED_AVAILABILITY = YES_AGGRESSIVE;
				CLANG_WARN_UNREACHABLE_CODE = YES;
				CLANG_WARN__DUPLICATE_METHOD_MATCH = YES;
				COPY_PHASE_STRIP = NO;
				DEBUG_INFORMATION_FORMAT = "dwarf-with-dsym";
				ENABLE_NS_ASSERTIONS = NO;
				ENABLE_STRICT_OBJC_MSGSEND = YES;
				GCC_C_LANGUAGE_STANDARD = gnu11;
				GCC_NO_COMMON_BLOCKS = YES;
				GCC_WARN_64_TO_32_BIT_CONVERSION = YES;
				GCC_WARN_ABOUT_RETURN_TYPE = YES_ERROR;
				GCC_WARN_UNDECLARED_SELECTOR = YES;
				GCC_WARN_UNINITIALIZED_AUTOS = YES_AGGRESSIVE;
				GCC_WARN_UNUSED_FUNCTION = YES;
				GCC_WARN_UNUSED_VARIABLE = YES;
				MTL_ENABLE_DEBUG_INFO = NO;
				MTL_FAST_MATH = YES;
				PRODUCT_NAME = "$(TARGET_NAME)";
				SDKROOT = iphoneos;
				SWIFT_COMPILATION_MODE = wholemodule;
				SWIFT_OPTIMIZATION_LEVEL = "-O";
				SWIFT_VERSION = 5.0;
			};
			name = Release;
		};
		77B39E8756ABCA0A744ED9DE /* Release */ = {
			isa = XCBuildConfiguration;
			buildSettings = {
				ALWAYS_EMBED_SWIFT_STANDARD_LIBRARIES = YES;
				ASSETCATALOG_COMPILER_APPICON_NAME = AppIcon;
				CODE_SIGNING_ALLOWED = NO;
				CODE_SIGNING_REQUIRED = NO;
				CODE_SIGN_IDENTITY = "Apple Development";
				DEVELOPMENT_TEAM = VW379TB6DM;
				FRAMEWORK_SEARCH_PATHS = (
					"$(inherited)",
					"\"../../llama_mobile-ios-SDK/Frameworks\"",
				);
				INFOPLIST_FILE = Info.plist;
				IPHONEOS_DEPLOYMENT_TARGET = 16.0;
				LD_RUNPATH_SEARCH_PATHS = (
					"$(inherited)",
					"@executable_path/Frameworks",
				);
				SDKROOT = iphoneos;
				SWIFT_VERSION = 6.2;
				TARGETED_DEVICE_FAMILY = "1,2";
			};
			name = Release;
		};
/* End XCBuildConfiguration section */

/* Begin XCConfigurationList section */
		BE895139D4C8965CA47A975A /* Build configuration list for PBXProject "LlamaMobileSwiftUIExample" */ = {
			isa = XCConfigurationList;
			buildConfigurations = (
				02EDC136760E6A1409C29134 /* Debug */,
				6A60F7DC3DC448A1E54CA05D /* Release */,
			);
			defaultConfigurationIsVisible = 0;
			defaultConfigurationName = Debug;
		};
		EA1861B26DE8A2F6DB8D0AFC /* Build configuration list for PBXNativeTarget "LlamaMobileSwiftUIExample" */ = {
			isa = XCConfigurationList;
			buildConfigurations = (
				695EBDB0EABA602D6A20F0AF /* Debug */,
				77B39E8756ABCA0A744ED9DE /* Release */,
			);
			defaultConfigurationIsVisible = 0;
			defaultConfigurationName = Debug;
		};
/* End XCConfigurationList section */
	};
	rootObject = 5AC0BB23E76F318233B17FB2 /* Project object */;
}
